
Microsoft Visual Studio Solution File, Format Version 12.00
# Visual Studio Version 16
VisualStudioVersion = 16.0.31005.135
MinimumVisualStudioVersion = 10.0.40219.1
Project("{FAE04EC0-301F-11D3-BF4B-00C04F79EFBC}") = "OOP_kortlek", "OOP_kortlek.csproj", "{7F153D13-F8CD-455A-ABF2-0F4629401FA1}"
EndProject
Global
	GlobalSection(SolutionConfigurationPlatforms) = preSolution
		Debug|Any CPU = Debug|Any CPU
		Release|Any CPU = Release|Any CPU
	EndGlobalSection
	GlobalSection(ProjectConfigurationPlatforms) = postSolution
		{7F153D13-F8CD-455A-ABF2-0F4629401FA1}.Debug|Any CPU.ActiveCfg = Debug|Any CPU
		{7F153D13-F8CD-455A-ABF2-0F4629401FA1}.Debug|Any CPU.Build.0 = Debug|Any CPU
		{7F153D13-F8CD-455A-ABF2-0F4629401FA1}.Release|Any CPU.ActiveCfg = Release|Any CPU
		{7F153D13-F8CD-455A-ABF2-0F4629401FA1}.Release|Any CPU.Build.0 = Release|Any CPU
	EndGlobalSection
	GlobalSection(SolutionProperties) = preSolution
		HideSolutionNode = FALSE
	EndGlobalSection
	GlobalSection(ExtensibilityGlobals) = postSolution
		SolutionGuid = {6065D5B4-0CBF-4E32-90FE-F7441F49B65C}
	EndGlobalSection
EndGlobal
